
Microsoft Visual Studio Solution File, Format Version 12.00
# Visual Studio Version 17
VisualStudioVersion = 17.9.34728.123
MinimumVisualStudioVersion = 10.0.40219.1
Project("{FAE04EC0-301F-11D3-BF4B-00C04F79EFBC}") = "GUI", "GUI.csproj", "{0422D027-7213-46DA-BB1C-F21C4868D0D7}"
EndProject
Project("{FAE04EC0-301F-11D3-BF4B-00C04F79EFBC}") = "UnitTestProject3", "..\UnitTestProject3\UnitTestProject3.csproj", "{6A181C50-599B-40CE-A844-A2CFC1A0EAAF}"
EndProject
Project("{FAE04EC0-301F-11D3-BF4B-00C04F79EFBC}") = "ClassLibrary2", "..\ClassLibrary2\ClassLibrary2.csproj", "{4453F716-700D-4EC3-99C5-213E5C588D4B}"
EndProject
Global
	GlobalSection(SolutionConfigurationPlatforms) = preSolution
		Debug|Any CPU = Debug|Any CPU
		Release|Any CPU = Release|Any CPU
	EndGlobalSection
	GlobalSection(ProjectConfigurationPlatforms) = postSolution
		{0422D027-7213-46DA-BB1C-F21C4868D0D7}.Debug|Any CPU.ActiveCfg = Debug|Any CPU
		{0422D027-7213-46DA-BB1C-F21C4868D0D7}.Debug|Any CPU.Build.0 = Debug|Any CPU
		{0422D027-7213-46DA-BB1C-F21C4868D0D7}.Release|Any CPU.ActiveCfg = Release|Any CPU
		{0422D027-7213-46DA-BB1C-F21C4868D0D7}.Release|Any CPU.Build.0 = Release|Any CPU
		{6A181C50-599B-40CE-A844-A2CFC1A0EAAF}.Debug|Any CPU.ActiveCfg = Debug|Any CPU
		{6A181C50-599B-40CE-A844-A2CFC1A0EAAF}.Debug|Any CPU.Build.0 = Debug|Any CPU
		{6A181C50-599B-40CE-A844-A2CFC1A0EAAF}.Release|Any CPU.ActiveCfg = Release|Any CPU
		{6A181C50-599B-40CE-A844-A2CFC1A0EAAF}.Release|Any CPU.Build.0 = Release|Any CPU
		{4453F716-700D-4EC3-99C5-213E5C588D4B}.Debug|Any CPU.ActiveCfg = Debug|Any CPU
		{4453F716-700D-4EC3-99C5-213E5C588D4B}.Debug|Any CPU.Build.0 = Debug|Any CPU
		{4453F716-700D-4EC3-99C5-213E5C588D4B}.Release|Any CPU.ActiveCfg = Release|Any CPU
		{4453F716-700D-4EC3-99C5-213E5C588D4B}.Release|Any CPU.Build.0 = Release|Any CPU
	EndGlobalSection
	GlobalSection(SolutionProperties) = preSolution
		HideSolutionNode = FALSE
	EndGlobalSection
	GlobalSection(ExtensibilityGlobals) = postSolution
		SolutionGuid = {49103D8D-8DF1-46A8-B7E8-BFBDA9077D60}
	EndGlobalSection
EndGlobal
